
Microsoft Visual Studio Solution File, Format Version 12.00
# Visual Studio Version 16
VisualStudioVersion = 16.0.31911.196
MinimumVisualStudioVersion = 10.0.40219.1
Project("{FAE04EC0-301F-11D3-BF4B-00C04F79EFBC}") = "Labb1.EntityFramework", "Labb1.EntityFramework\Labb1.EntityFramework.csproj", "{709900F9-EAFF-4D72-801C-771AC2404C5C}"
EndProject
Global
	GlobalSection(SolutionConfigurationPlatforms) = preSolution
		Debug|Any CPU = Debug|Any CPU
		Release|Any CPU = Release|Any CPU
	EndGlobalSection
	GlobalSection(ProjectConfigurationPlatforms) = postSolution
		{709900F9-EAFF-4D72-801C-771AC2404C5C}.Debug|Any CPU.ActiveCfg = Debug|Any CPU
		{709900F9-EAFF-4D72-801C-771AC2404C5C}.Debug|Any CPU.Build.0 = Debug|Any CPU
		{709900F9-EAFF-4D72-801C-771AC2404C5C}.Release|Any CPU.ActiveCfg = Release|Any CPU
		{709900F9-EAFF-4D72-801C-771AC2404C5C}.Release|Any CPU.Build.0 = Release|Any CPU
	EndGlobalSection
	GlobalSection(SolutionProperties) = preSolution
		HideSolutionNode = FALSE
	EndGlobalSection
	GlobalSection(ExtensibilityGlobals) = postSolution
		SolutionGuid = {F25F3876-68D1-4F41-93A3-FB147AA75B5F}
	EndGlobalSection
EndGlobal
